
Microsoft Visual Studio Solution File, Format Version 12.00
# Visual Studio Version 16
VisualStudioVersion = 16.0.29806.167
MinimumVisualStudioVersion = 10.0.40219.1
Project("{FAE04EC0-301F-11D3-BF4B-00C04F79EFBC}") = "Presentation", "Presentation\Presentation.csproj", "{07B19872-CC2A-418D-885B-9564F1434BCD}"
EndProject
Project("{FAE04EC0-301F-11D3-BF4B-00C04F79EFBC}") = "Domain", "Domain\Domain.csproj", "{9A329FE5-27EA-4111-8453-830F4EA36517}"
EndProject
Project("{FAE04EC0-301F-11D3-BF4B-00C04F79EFBC}") = "DataAccess", "DataAccess\DataAccess.csproj", "{9149E843-8259-4A67-A88B-B49F77C0A050}"
EndProject
Project("{FAE04EC0-301F-11D3-BF4B-00C04F79EFBC}") = "Common", "Common\Common.csproj", "{B7D14E3B-221B-4A45-8ED4-C2319494AD01}"
EndProject
Global
	GlobalSection(SolutionConfigurationPlatforms) = preSolution
		Debug|Any CPU = Debug|Any CPU
		Release|Any CPU = Release|Any CPU
	EndGlobalSection
	GlobalSection(ProjectConfigurationPlatforms) = postSolution
		{07B19872-CC2A-418D-885B-9564F1434BCD}.Debug|Any CPU.ActiveCfg = Debug|Any CPU
		{07B19872-CC2A-418D-885B-9564F1434BCD}.Debug|Any CPU.Build.0 = Debug|Any CPU
		{07B19872-CC2A-418D-885B-9564F1434BCD}.Release|Any CPU.ActiveCfg = Release|Any CPU
		{07B19872-CC2A-418D-885B-9564F1434BCD}.Release|Any CPU.Build.0 = Release|Any CPU
		{9A329FE5-27EA-4111-8453-830F4EA36517}.Debug|Any CPU.ActiveCfg = Debug|Any CPU
		{9A329FE5-27EA-4111-8453-830F4EA36517}.Debug|Any CPU.Build.0 = Debug|Any CPU
		{9A329FE5-27EA-4111-8453-830F4EA36517}.Release|Any CPU.ActiveCfg = Release|Any CPU
		{9A329FE5-27EA-4111-8453-830F4EA36517}.Release|Any CPU.Build.0 = Release|Any CPU
		{9149E843-8259-4A67-A88B-B49F77C0A050}.Debug|Any CPU.ActiveCfg = Debug|Any CPU
		{9149E843-8259-4A67-A88B-B49F77C0A050}.Debug|Any CPU.Build.0 = Debug|Any CPU
		{9149E843-8259-4A67-A88B-B49F77C0A050}.Release|Any CPU.ActiveCfg = Release|Any CPU
		{9149E843-8259-4A67-A88B-B49F77C0A050}.Release|Any CPU.Build.0 = Release|Any CPU
		{B7D14E3B-221B-4A45-8ED4-C2319494AD01}.Debug|Any CPU.ActiveCfg = Debug|Any CPU
		{B7D14E3B-221B-4A45-8ED4-C2319494AD01}.Debug|Any CPU.Build.0 = Debug|Any CPU
		{B7D14E3B-221B-4A45-8ED4-C2319494AD01}.Release|Any CPU.ActiveCfg = Release|Any CPU
		{B7D14E3B-221B-4A45-8ED4-C2319494AD01}.Release|Any CPU.Build.0 = Release|Any CPU
	EndGlobalSection
	GlobalSection(SolutionProperties) = preSolution
		HideSolutionNode = FALSE
	EndGlobalSection
	GlobalSection(ExtensibilityGlobals) = postSolution
		SolutionGuid = {64A79CF7-2936-4359-8319-6B5A65667991}
	EndGlobalSection
EndGlobal
